// !$*UTF8*$!
{
	archiveVersion = 1;
	classes = {
	};
	objectVersion = 55;
	objects = {

/* Begin PBXBuildFile section */
		F8F6B7CE2849F78C00FF9A18 /* DesignCodeiOS15App.swift in Sources */ = {isa = PBXBuildFile; fileRef = F8F6B7CD2849F78C00FF9A18 /* DesignCodeiOS15App.swift */; };
		F8F6B7D02849F78C00FF9A18 /* ContentView.swift in Sources */ = {isa = PBXBuildFile; fileRef = F8F6B7CF2849F78C00FF9A18 /* ContentView.swift */; };
		F8F6B7D22849F79100FF9A18 /* Assets.xcassets in Resources */ = {isa = PBXBuildFile; fileRef = F8F6B7D12849F79100FF9A18 /* Assets.xcassets */; };
		F8F6B7D52849F79100FF9A18 /* Preview Assets.xcassets in Resources */ = {isa = PBXBuildFile; fileRef = F8F6B7D42849F79100FF9A18 /* Preview Assets.xcassets */; };
		F8F6B7DF2849F79200FF9A18 /* DesignCodeiOS15Tests.swift in Sources */ = {isa = PBXBuildFile; fileRef = F8F6B7DE2849F79200FF9A18 /* DesignCodeiOS15Tests.swift */; };
		F8F6B7E92849F79200FF9A18 /* DesignCodeiOS15UITests.swift in Sources */ = {isa = PBXBuildFile; fileRef = F8F6B7E82849F79200FF9A18 /* DesignCodeiOS15UITests.swift */; };
		F8F6B7EB2849F79200FF9A18 /* DesignCodeiOS15UITestsLaunchTests.swift in Sources */ = {isa = PBXBuildFile; fileRef = F8F6B7EA2849F79200FF9A18 /* DesignCodeiOS15UITestsLaunchTests.swift */; };
/* End PBXBuildFile section */

/* Begin PBXContainerItemProxy section */
		F8F6B7DB2849F79200FF9A18 /* PBXContainerItemProxy */ = {
			isa = PBXContainerItemProxy;
			containerPortal = F8F6B7C22849F78C00FF9A18 /* Project object */;
			proxyType = 1;
			remoteGlobalIDString = F8F6B7C92849F78C00FF9A18;
			remoteInfo = DesignCodeiOS15;
		};
		F8F6B7E52849F79200FF9A18 /* PBXContainerItemProxy */ = {
			isa = PBXContainerItemProxy;
			containerPortal = F8F6B7C22849F78C00FF9A18 /* Project object */;
			proxyType = 1;
			remoteGlobalIDString = F8F6B7C92849F78C00FF9A18;
			remoteInfo = DesignCodeiOS15;
		};
/* End PBXContainerItemProxy section */

/* Begin PBXFileReference section */
		F8F6B7CA2849F78C00FF9A18 /* DesignCodeiOS15.app */ = {isa = PBXFileReference; explicitFileType = wrapper.application; includeInIndex = 0; path = DesignCodeiOS15.app; sourceTree = BUILT_PRODUCTS_DIR; };
		F8F6B7CD2849F78C00FF9A18 /* DesignCodeiOS15App.swift */ = {isa = PBXFileReference; lastKnownFileType = sourcecode.swift; path = DesignCodeiOS15App.swift; sourceTree = "<group>"; };
		F8F6B7CF2849F78C00FF9A18 /* ContentView.swift */ = {isa = PBXFileReference; lastKnownFileType = sourcecode.swift; path = ContentView.swift; sourceTree = "<group>"; };
		F8F6B7D12849F79100FF9A18 /* Assets.xcassets */ = {isa = PBXFileReference; lastKnownFileType = folder.assetcatalog; path = Assets.xcassets; sourceTree = "<group>"; };
		F8F6B7D42849F79100FF9A18 /* Preview Assets.xcassets */ = {isa = PBXFileReference; lastKnownFileType = folder.assetcatalog; path = "Preview Assets.xcassets"; sourceTree = "<group>"; };
		F8F6B7DA2849F79200FF9A18 /* DesignCodeiOS15Tests.xctest */ = {isa = PBXFileReference; explicitFileType = wrapper.cfbundle; includeInIndex = 0; path = DesignCodeiOS15Tests.xctest; sourceTree = BUILT_PRODUCTS_DIR; };
		F8F6B7DE2849F79200FF9A18 /* DesignCodeiOS15Tests.swift */ = {isa = PBXFileReference; lastKnownFileType = sourcecode.swift; path = DesignCodeiOS15Tests.swift; sourceTree = "<group>"; };
		F8F6B7E42849F79200FF9A18 /* DesignCodeiOS15UITests.xctest */ = {isa = PBXFileReference; explicitFileType = wrapper.cfbundle; includeInIndex = 0; path = DesignCodeiOS15UITests.xctest; sourceTree = BUILT_PRODUCTS_DIR; };
		F8F6B7E82849F79200FF9A18 /* DesignCodeiOS15UITests.swift */ = {isa = PBXFileReference; lastKnownFileType = sourcecode.swift; path = DesignCodeiOS15UITests.swift; sourceTree = "<group>"; };
		F8F6B7EA2849F79200FF9A18 /* DesignCodeiOS15UITestsLaunchTests.swift */ = {isa = PBXFileReference; lastKnownFileType = sourcecode.swift; path = DesignCodeiOS15UITestsLaunchTests.swift; sourceTree = "<group>"; };
/* End PBXFileReference section */

/* Begin PBXFrameworksBuildPhase section */
		F8F6B7C72849F78C00FF9A18 /* Frameworks */ = {
			isa = PBXFrameworksBuildPhase;
			buildActionMask = 2147483647;
			files = (
			);
			runOnlyForDeploymentPostprocessing = 0;
		};
		F8F6B7D72849F79200FF9A18 /* Frameworks */ = {
			isa = PBXFrameworksBuildPhase;
			buildActionMask = 2147483647;
			files = (
			);
			runOnlyForDeploymentPostprocessing = 0;
		};
		F8F6B7E12849F79200FF9A18 /* Frameworks */ = {
			isa = PBXFrameworksBuildPhase;
			buildActionMask = 2147483647;
			files = (
			);
			runOnlyForDeploymentPostprocessing = 0;
		};
/* End PBXFrameworksBuildPhase section */

/* Begin PBXGroup section */
		F8F6B7C12849F78C00FF9A18 = {
			isa = PBXGroup;
			children = (
				F8F6B7CC2849F78C00FF9A18 /* DesignCodeiOS15 */,
				F8F6B7DD2849F79200FF9A18 /* DesignCodeiOS15Tests */,
				F8F6B7E72849F79200FF9A18 /* DesignCodeiOS15UITests */,
				F8F6B7CB2849F78C00FF9A18 /* Products */,
			);
			sourceTree = "<group>";
		};
		F8F6B7CB2849F78C00FF9A18 /* Products */ = {
			isa = PBXGroup;
			children = (
				F8F6B7CA2849F78C00FF9A18 /* DesignCodeiOS15.app */,
				F8F6B7DA2849F79200FF9A18 /* DesignCodeiOS15Tests.xctest */,
				F8F6B7E42849F79200FF9A18 /* DesignCodeiOS15UITests.xctest */,
			);
			name = Products;
			sourceTree = "<group>";
		};
		F8F6B7CC2849F78C00FF9A18 /* DesignCodeiOS15 */ = {
			isa = PBXGroup;
			children = (
				F8F6B7CD2849F78C00FF9A18 /* DesignCodeiOS15App.swift */,
				F8F6B7CF2849F78C00FF9A18 /* ContentView.swift */,
				F8F6B7D12849F79100FF9A18 /* Assets.xcassets */,
				F8F6B7D32849F79100FF9A18 /* Preview Content */,
			);
			path = DesignCodeiOS15;
			sourceTree = "<group>";
		};
		F8F6B7D32849F79100FF9A18 /* Preview Content */ = {
			isa = PBXGroup;
			children = (
				F8F6B7D42849F79100FF9A18 /* Preview Assets.xcassets */,
			);
			path = "Preview Content";
			sourceTree = "<group>";
		};
		F8F6B7DD2849F79200FF9A18 /* DesignCodeiOS15Tests */ = {
			isa = PBXGroup;
			children = (
				F8F6B7DE2849F79200FF9A18 /* DesignCodeiOS15Tests.swift */,
			);
			path = DesignCodeiOS15Tests;
			sourceTree = "<group>";
		};
		F8F6B7E72849F79200FF9A18 /* DesignCodeiOS15UITests */ = {
			isa = PBXGroup;
			children = (
				F8F6B7E82849F79200FF9A18 /* DesignCodeiOS15UITests.swift */,
				F8F6B7EA2849F79200FF9A18 /* DesignCodeiOS15UITestsLaunchTests.swift */,
			);
			path = DesignCodeiOS15UITests;
			sourceTree = "<group>";
		};
/* End PBXGroup section */

/* Begin PBXNativeTarget section */
		F8F6B7C92849F78C00FF9A18 /* DesignCodeiOS15 */ = {
			isa = PBXNativeTarget;
			buildConfigurationList = F8F6B7EE2849F79200FF9A18 /* Build configuration list for PBXNativeTarget "DesignCodeiOS15" */;
			buildPhases = (
				F8F6B7C62849F78C00FF9A18 /* Sources */,
				F8F6B7C72849F78C00FF9A18 /* Frameworks */,
				F8F6B7C82849F78C00FF9A18 /* Resources */,
			);
			buildRules = (
			);
			dependencies = (
			);
			name = DesignCodeiOS15;
			productName = DesignCodeiOS15;
			productReference = F8F6B7CA2849F78C00FF9A18 /* DesignCodeiOS15.app */;
			productType = "com.apple.product-type.application";
		};
		F8F6B7D92849F79200FF9A18 /* DesignCodeiOS15Tests */ = {
			isa = PBXNativeTarget;
			buildConfigurationList = F8F6B7F12849F79200FF9A18 /* Build configuration list for PBXNativeTarget "DesignCodeiOS15Tests" */;
			buildPhases = (
				F8F6B7D62849F79200FF9A18 /* Sources */,
				F8F6B7D72849F79200FF9A18 /* Frameworks */,
				F8F6B7D82849F79200FF9A18 /* Resources */,
			);
			buildRules = (
			);
			dependencies = (
				F8F6B7DC2849F79200FF9A18 /* PBXTargetDependency */,
			);
			name = DesignCodeiOS15Tests;
			productName = DesignCodeiOS15Tests;
			productReference = F8F6B7DA2849F79200FF9A18 /* DesignCodeiOS15Tests.xctest */;
			productType = "com.apple.product-type.bundle.unit-test";
		};
		F8F6B7E32849F79200FF9A18 /* DesignCodeiOS15UITests */ = {
			isa = PBXNativeTarget;
			buildConfigurationList = F8F6B7F42849F79200FF9A18 /* Build configuration list for PBXNativeTarget "DesignCodeiOS15UITests" */;
			buildPhases = (
				F8F6B7E02849F79200FF9A18 /* Sources */,
				F8F6B7E12849F79200FF9A18 /* Frameworks */,
				F8F6B7E22849F79200FF9A18 /* Resources */,
			);
			buildRules = (
			);
			dependencies = (
				F8F6B7E62849F79200FF9A18 /* PBXTargetDependency */,
			);
			name = DesignCodeiOS15UITests;
			productName = DesignCodeiOS15UITests;
			productReference = F8F6B7E42849F79200FF9A18 /* DesignCodeiOS15UITests.xctest */;
			productType = "com.apple.product-type.bundle.ui-testing";
		};
/* End PBXNativeTarget section */

/* Begin PBXProject section */
		F8F6B7C22849F78C00FF9A18 /* Project object */ = {
			isa = PBXProject;
			attributes = {
				BuildIndependentTargetsInParallel = 1;
				LastSwiftUpdateCheck = 1330;
				LastUpgradeCheck = 1330;
				TargetAttributes = {
					F8F6B7C92849F78C00FF9A18 = {
						CreatedOnToolsVersion = 13.3.1;
					};
					F8F6B7D92849F79200FF9A18 = {
						CreatedOnToolsVersion = 13.3.1;
						TestTargetID = F8F6B7C92849F78C00FF9A18;
					};
					F8F6B7E32849F79200FF9A18 = {
						CreatedOnToolsVersion = 13.3.1;
						TestTargetID = F8F6B7C92849F78C00FF9A18;
					};
				};
			};
			buildConfigurationList = F8F6B7C52849F78C00FF9A18 /* Build configuration list for PBXProject "DesignCodeiOS15" */;
			compatibilityVersion = "Xcode 13.0";
			developmentRegion = en;
			hasScannedForEncodings = 0;
			knownRegions = (
				en,
				Base,
			);
			mainGroup = F8F6B7C12849F78C00FF9A18;
			productRefGroup = F8F6B7CB2849F78C00FF9A18 /* Products */;
			projectDirPath = "";
			projectRoot = "";
			targets = (
				F8F6B7C92849F78C00FF9A18 /* DesignCodeiOS15 */,
				F8F6B7D92849F79200FF9A18 /* DesignCodeiOS15Tests */,
				F8F6B7E32849F79200FF9A18 /* DesignCodeiOS15UITests */,
			);
		};
/* End PBXProject section */

/* Begin PBXResourcesBuildPhase section */
		F8F6B7C82849F78C00FF9A18 /* Resources */ = {
			isa = PBXResourcesBuildPhase;
			buildActionMask = 2147483647;
			files = (
				F8F6B7D52849F79100FF9A18 /* Preview Assets.xcassets in Resources */,
				F8F6B7D22849F79100FF9A18 /* Assets.xcassets in Resources */,
			);
			runOnlyForDeploymentPostprocessing = 0;
		};
		F8F6B7D82849F79200FF9A18 /* Resources */ = {
			isa = PBXResourcesBuildPhase;
			buildActionMask = 2147483647;
			files = (
			);
			runOnlyForDeploymentPostprocessing = 0;
		};
		F8F6B7E22849F79200FF9A18 /* Resources */ = {
			isa = PBXResourcesBuildPhase;
			buildActionMask = 2147483647;
			files = (
			);
			runOnlyForDeploymentPostprocessing = 0;
		};
/* End PBXResourcesBuildPhase section */

/* Begin PBXSourcesBuildPhase section */
		F8F6B7C62849F78C00FF9A18 /* Sources */ = {
			isa = PBXSourcesBuildPhase;
			buildActionMask = 2147483647;
			files = (
				F8F6B7D02849F78C00FF9A18 /* ContentView.swift in Sources */,
				F8F6B7CE2849F78C00FF9A18 /* DesignCodeiOS15App.swift in Sources */,
			);
			runOnlyForDeploymentPostprocessing = 0;
		};
		F8F6B7D62849F79200FF9A18 /* Sources */ = {
			isa = PBXSourcesBuildPhase;
			buildActionMask = 2147483647;
			files = (
				F8F6B7DF2849F79200FF9A18 /* DesignCodeiOS15Tests.swift in Sources */,
			);
			runOnlyForDeploymentPostprocessing = 0;
		};
		F8F6B7E02849F79200FF9A18 /* Sources */ = {
			isa = PBXSourcesBuildPhase;
			buildActionMask = 2147483647;
			files = (
				F8F6B7E92849F79200FF9A18 /* DesignCodeiOS15UITests.swift in Sources */,
				F8F6B7EB2849F79200FF9A18 /* DesignCodeiOS15UITestsLaunchTests.swift in Sources */,
			);
			runOnlyForDeploymentPostprocessing = 0;
		};
/* End PBXSourcesBuildPhase section */

/* Begin PBXTargetDependency section */
		F8F6B7DC2849F79200FF9A18 /* PBXTargetDependency */ = {
			isa = PBXTargetDependency;
			target = F8F6B7C92849F78C00FF9A18 /* DesignCodeiOS15 */;
			targetProxy = F8F6B7DB2849F79200FF9A18 /* PBXContainerItemProxy */;
		};
		F8F6B7E62849F79200FF9A18 /* PBXTargetDependency */ = {
			isa = PBXTargetDependency;
			target = F8F6B7C92849F78C00FF9A18 /* DesignCodeiOS15 */;
			targetProxy = F8F6B7E52849F79200FF9A18 /* PBXContainerItemProxy */;
		};
/* End PBXTargetDependency section */

/* Begin XCBuildConfiguration section */
		F8F6B7EC2849F79200FF9A18 /* Debug */ = {
			isa = XCBuildConfiguration;
			buildSettings = {
				ALWAYS_SEARCH_USER_PATHS = NO;
				CLANG_ANALYZER_NONNULL = YES;
				CLANG_ANALYZER_NUMBER_OBJECT_CONVERSION = YES_AGGRESSIVE;
				CLANG_CXX_LANGUAGE_STANDARD = "gnu++17";
				CLANG_ENABLE_MODULES = YES;
				CLANG_ENABLE_OBJC_ARC = YES;
				CLANG_ENABLE_OBJC_WEAK = YES;
				CLANG_WARN_BLOCK_CAPTURE_AUTORELEASING = YES;
				CLANG_WARN_BOOL_CONVERSION = YES;
				CLANG_WARN_COMMA = YES;
				CLANG_WARN_CONSTANT_CONVERSION = YES;
				CLANG_WARN_DEPRECATED_OBJC_IMPLEMENTATIONS = YES;
				CLANG_WARN_DIRECT_OBJC_ISA_USAGE = YES_ERROR;
				CLANG_WARN_DOCUMENTATION_COMMENTS = YES;
				CLANG_WARN_EMPTY_BODY = YES;
				CLANG_WARN_ENUM_CONVERSION = YES;
				CLANG_WARN_INFINITE_RECURSION = YES;
				CLANG_WARN_INT_CONVERSION = YES;
				CLANG_WARN_NON_LITERAL_NULL_CONVERSION = YES;
				CLANG_WARN_OBJC_IMPLICIT_RETAIN_SELF = YES;
				CLANG_WARN_OBJC_LITERAL_CONVERSION = YES;
				CLANG_WARN_OBJC_ROOT_CLASS = YES_ERROR;
				CLANG_WARN_QUOTED_INCLUDE_IN_FRAMEWORK_HEADER = YES;
				CLANG_WARN_RANGE_LOOP_ANALYSIS = YES;
				CLANG_WARN_STRICT_PROTOTYPES = YES;
				CLANG_WARN_SUSPICIOUS_MOVE = YES;
				CLANG_WARN_UNGUARDED_AVAILABILITY = YES_AGGRESSIVE;
				CLANG_WARN_UNREACHABLE_CODE = YES;
				CLANG_WARN__DUPLICATE_METHOD_MATCH = YES;
				COPY_PHASE_STRIP = NO;
				DEBUG_INFORMATION_FORMAT = dwarf;
				ENABLE_STRICT_OBJC_MSGSEND = YES;
				ENABLE_TESTABILITY = YES;
				GCC_C_LANGUAGE_STANDARD = gnu11;
				GCC_DYNAMIC_NO_PIC = NO;
				GCC_NO_COMMON_BLOCKS = YES;
				GCC_OPTIMIZATION_LEVEL = 0;
				GCC_PREPROCESSOR_DEFINITIONS = (
					"DEBUG=1",
					"$(inherited)",
				);
				GCC_WARN_64_TO_32_BIT_CONVERSION = YES;
				GCC_WARN_ABOUT_RETURN_TYPE = YES_ERROR;
				GCC_WARN_UNDECLARED_SELECTOR = YES;
				GCC_WARN_UNINITIALIZED_AUTOS = YES_AGGRESSIVE;
				GCC_WARN_UNUSED_FUNCTION = YES;
				GCC_WARN_UNUSED_VARIABLE = YES;
				IPHONEOS_DEPLOYMENT_TARGET = 15.4;
				MTL_ENABLE_DEBUG_INFO = INCLUDE_SOURCE;
				MTL_FAST_MATH = YES;
				ONLY_ACTIVE_ARCH = YES;
				SDKROOT = iphoneos;
				SWIFT_ACTIVE_COMPILATION_CONDITIONS = DEBUG;
				SWIFT_OPTIMIZATION_LEVEL = "-Onone";
			};
			name = Debug;
		};
		F8F6B7ED2849F79200FF9A18 /* Release */ = {
			isa = XCBuildConfiguration;
			buildSettings = {
				ALWAYS_SEARCH_USER_PATHS = NO;
				CLANG_ANALYZER_NONNULL = YES;
				CLANG_ANALYZER_NUMBER_OBJECT_CONVERSION = YES_AGGRESSIVE;
				CLANG_CXX_LANGUAGE_STANDARD = "gnu++17";
				CLANG_ENABLE_MODULES = YES;
				CLANG_ENABLE_OBJC_ARC = YES;
				CLANG_ENABLE_OBJC_WEAK = YES;
				CLANG_WARN_BLOCK_CAPTURE_AUTORELEASING = YES;
				CLANG_WARN_BOOL_CONVERSION = YES;
				CLANG_WARN_COMMA = YES;
				CLANG_WARN_CONSTANT_CONVERSION = YES;
				CLANG_WARN_DEPRECATED_OBJC_IMPLEMENTATIONS = YES;
				CLANG_WARN_DIRECT_OBJC_ISA_USAGE = YES_ERROR;
				CLANG_WARN_DOCUMENTATION_COMMENTS = YES;
				CLANG_WARN_EMPTY_BODY = YES;
				CLANG_WARN_ENUM_CONVERSION = YES;
				CLANG_WARN_INFINITE_RECURSION = YES;
				CLANG_WARN_INT_CONVERSION = YES;
				CLANG_WARN_NON_LITERAL_NULL_CONVERSION = YES;
				CLANG_WARN_OBJC_IMPLICIT_RETAIN_SELF = YES;
				CLANG_WARN_OBJC_LITERAL_CONVERSION = YES;
				CLANG_WARN_OBJC_ROOT_CLASS = YES_ERROR;
				CLANG_WARN_QUOTED_INCLUDE_IN_FRAMEWORK_HEADER = YES;
				CLANG_WARN_RANGE_LOOP_ANALYSIS = YES;
				CLANG_WARN_STRICT_PROTOTYPES = YES;
				CLANG_WARN_SUSPICIOUS_MOVE = YES;
				CLANG_WARN_UNGUARDED_AVAILABILITY = YES_AGGRESSIVE;
				CLANG_WARN_UNREACHABLE_CODE = YES;
				CLANG_WARN__DUPLICATE_METHOD_MATCH = YES;
				COPY_PHASE_STRIP = NO;
				DEBUG_INFORMATION_FORMAT = "dwarf-with-dsym";
				ENABLE_NS_ASSERTIONS = NO;
				ENABLE_STRICT_OBJC_MSGSEND = YES;
				GCC_C_LANGUAGE_STANDARD = gnu11;
				GCC_NO_COMMON_BLOCKS = YES;
				GCC_WARN_64_TO_32_BIT_CONVERSION = YES;
				GCC_WARN_ABOUT_RETURN_TYPE = YES_ERROR;
				GCC_WARN_UNDECLARED_SELECTOR = YES;
				GCC_WARN_UNINITIALIZED_AUTOS = YES_AGGRESSIVE;
				GCC_WARN_UNUSED_FUNCTION = YES;
				GCC_WARN_UNUSED_VARIABLE = YES;
				IPHONEOS_DEPLOYMENT_TARGET = 15.4;
				MTL_ENABLE_DEBUG_INFO = NO;
				MTL_FAST_MATH = YES;
				SDKROOT = iphoneos;
				SWIFT_COMPILATION_MODE = wholemodule;
				SWIFT_OPTIMIZATION_LEVEL = "-O";
				VALIDATE_PRODUCT = YES;
			};
			name = Release;
		};
		F8F6B7EF2849F79200FF9A18 /* Debug */ = {
			isa = XCBuildConfiguration;
			buildSettings = {
				ASSETCATALOG_COMPILER_APPICON_NAME = AppIcon;
				ASSETCATALOG_COMPILER_GLOBAL_ACCENT_COLOR_NAME = AccentColor;
				CODE_SIGN_STYLE = Automatic;
				CURRENT_PROJECT_VERSION = 1;
				DEVELOPMENT_ASSET_PATHS = "\"DesignCodeiOS15/Preview Content\"";
				ENABLE_PREVIEWS = YES;
				GENERATE_INFOPLIST_FILE = YES;
				INFOPLIST_KEY_UIApplicationSceneManifest_Generation = YES;
				INFOPLIST_KEY_UIApplicationSupportsIndirectInputEvents = YES;
				INFOPLIST_KEY_UILaunchScreen_Generation = YES;
				INFOPLIST_KEY_UISupportedInterfaceOrientations_iPad = "UIInterfaceOrientationPortrait UIInterfaceOrientationPortraitUpsideDown UIInterfaceOrientationLandscapeLeft UIInterfaceOrientationLandscapeRight";
				INFOPLIST_KEY_UISupportedInterfaceOrientations_iPhone = "UIInterfaceOrientationPortrait UIInterfaceOrientationLandscapeLeft UIInterfaceOrientationLandscapeRight";
				IPHONEOS_DEPLOYMENT_TARGET = 15.0;
				LD_RUNPATH_SEARCH_PATHS = (
					"$(inherited)",
					"@executable_path/Frameworks",
				);
				MARKETING_VERSION = 1.0;
				PRODUCT_BUNDLE_IDENTIFIER = io.designcode.DesignCodeiOS15;
				PRODUCT_NAME = "$(TARGET_NAME)";
				SWIFT_EMIT_LOC_STRINGS = YES;
				SWIFT_VERSION = 5.0;
				TARGETED_DEVICE_FAMILY = "1,2";
			};
			name = Debug;
		};
		F8F6B7F02849F79200FF9A18 /* Release */ = {
			isa = XCBuildConfiguration;
			buildSettings = {
				ASSETCATALOG_COMPILER_APPICON_NAME = AppIcon;
				ASSETCATALOG_COMPILER_GLOBAL_ACCENT_COLOR_NAME = AccentColor;
				CODE_SIGN_STYLE = Automatic;
				CURRENT_PROJECT_VERSION = 1;
				DEVELOPMENT_ASSET_PATHS = "\"DesignCodeiOS15/Preview Content\"";
				ENABLE_PREVIEWS = YES;
				GENERATE_INFOPLIST_FILE = YES;
				INFOPLIST_KEY_UIApplicationSceneManifest_Generation = YES;
				INFOPLIST_KEY_UIApplicationSupportsIndirectInputEvents = YES;
				INFOPLIST_KEY_UILaunchScreen_Generation = YES;
				INFOPLIST_KEY_UISupportedInterfaceOrientations_iPad = "UIInterfaceOrientationPortrait UIInterfaceOrientationPortraitUpsideDown UIInterfaceOrientationLandscapeLeft UIInterfaceOrientationLandscapeRight";
				INFOPLIST_KEY_UISupportedInterfaceOrientations_iPhone = "UIInterfaceOrientationPortrait UIInterfaceOrientationLandscapeLeft UIInterfaceOrientationLandscapeRight";
				IPHONEOS_DEPLOYMENT_TARGET = 15.0;
				LD_RUNPATH_SEARCH_PATHS = (
					"$(inherited)",
					"@executable_path/Frameworks",
				);
				MARKETING_VERSION = 1.0;
				PRODUCT_BUNDLE_IDENTIFIER = io.designcode.DesignCodeiOS15;
				PRODUCT_NAME = "$(TARGET_NAME)";
				SWIFT_EMIT_LOC_STRINGS = YES;
				SWIFT_VERSION = 5.0;
				TARGETED_DEVICE_FAMILY = "1,2";
			};
			name = Release;
		};
		F8F6B7F22849F79200FF9A18 /* Debug */ = {
			isa = XCBuildConfiguration;
			buildSettings = {
				ALWAYS_EMBED_SWIFT_STANDARD_LIBRARIES = YES;
				BUNDLE_LOADER = "$(TEST_HOST)";
				CODE_SIGN_STYLE = Automatic;
				CURRENT_PROJECT_VERSION = 1;
				GENERATE_INFOPLIST_FILE = YES;
				IPHONEOS_DEPLOYMENT_TARGET = 15.4;
				MARKETING_VERSION = 1.0;
				PRODUCT_BUNDLE_IDENTIFIER = io.designcode.DesignCodeiOS15Tests;
				PRODUCT_NAME = "$(TARGET_NAME)";
				SWIFT_EMIT_LOC_STRINGS = NO;
				SWIFT_VERSION = 5.0;
				TARGETED_DEVICE_FAMILY = "1,2";
				TEST_HOST = "$(BUILT_PRODUCTS_DIR)/DesignCodeiOS15.app/DesignCodeiOS15";
			};
			name = Debug;
		};
		F8F6B7F32849F79200FF9A18 /* Release */ = {
			isa = XCBuildConfiguration;
			buildSettings = {
				ALWAYS_EMBED_SWIFT_STANDARD_LIBRARIES = YES;
				BUNDLE_LOADER = "$(TEST_HOST)";
				CODE_SIGN_STYLE = Automatic;
				CURRENT_PROJECT_VERSION = 1;
				GENERATE_INFOPLIST_FILE = YES;
				IPHONEOS_DEPLOYMENT_TARGET = 15.4;
				MARKETING_VERSION = 1.0;
				PRODUCT_BUNDLE_IDENTIFIER = io.designcode.DesignCodeiOS15Tests;
				PRODUCT_NAME = "$(TARGET_NAME)";
				SWIFT_EMIT_LOC_STRINGS = NO;
				SWIFT_VERSION = 5.0;
				TARGETED_DEVICE_FAMILY = "1,2";
				TEST_HOST = "$(BUILT_PRODUCTS_DIR)/DesignCodeiOS15.app/DesignCodeiOS15";
			};
			name = Release;
		};
		F8F6B7F52849F79200FF9A18 /* Debug */ = {
			isa = XCBuildConfiguration;
			buildSettings = {
				ALWAYS_EMBED_SWIFT_STANDARD_LIBRARIES = YES;
				CODE_SIGN_STYLE = Automatic;
				CURRENT_PROJECT_VERSION = 1;
				GENERATE_INFOPLIST_FILE = YES;
				MARKETING_VERSION = 1.0;
				PRODUCT_BUNDLE_IDENTIFIER = io.designcode.DesignCodeiOS15UITests;
				PRODUCT_NAME = "$(TARGET_NAME)";
				SWIFT_EMIT_LOC_STRINGS = NO;
				SWIFT_VERSION = 5.0;
				TARGETED_DEVICE_FAMILY = "1,2";
				TEST_TARGET_NAME = DesignCodeiOS15;
			};
			name = Debug;
		};
		F8F6B7F62849F79200FF9A18 /* Release */ = {
			isa = XCBuildConfiguration;
			buildSettings = {
				ALWAYS_EMBED_SWIFT_STANDARD_LIBRARIES = YES;
				CODE_SIGN_STYLE = Automatic;
				CURRENT_PROJECT_VERSION = 1;
				GENERATE_INFOPLIST_FILE = YES;
				MARKETING_VERSION = 1.0;
				PRODUCT_BUNDLE_IDENTIFIER = io.designcode.DesignCodeiOS15UITests;
				PRODUCT_NAME = "$(TARGET_NAME)";
				SWIFT_EMIT_LOC_STRINGS = NO;
				SWIFT_VERSION = 5.0;
				TARGETED_DEVICE_FAMILY = "1,2";
				TEST_TARGET_NAME = DesignCodeiOS15;
			};
			name = Release;
		};
/* End XCBuildConfiguration section */

/* Begin XCConfigurationList section */
		F8F6B7C52849F78C00FF9A18 /* Build configuration list for PBXProject "DesignCodeiOS15" */ = {
			isa = XCConfigurationList;
			buildConfigurations = (
				F8F6B7EC2849F79200FF9A18 /* Debug */,
				F8F6B7ED2849F79200FF9A18 /* Release */,
			);
			defaultConfigurationIsVisible = 0;
			defaultConfigurationName = Release;
		};
		F8F6B7EE2849F79200FF9A18 /* Build configuration list for PBXNativeTarget "DesignCodeiOS15" */ = {
			isa = XCConfigurationList;
			buildConfigurations = (
				F8F6B7EF2849F79200FF9A18 /* Debug */,
				F8F6B7F02849F79200FF9A18 /* Release */,
			);
			defaultConfigurationIsVisible = 0;
			defaultConfigurationName = Release;
		};
		F8F6B7F12849F79200FF9A18 /* Build configuration list for PBXNativeTarget "DesignCodeiOS15Tests" */ = {
			isa = XCConfigurationList;
			buildConfigurations = (
				F8F6B7F22849F79200FF9A18 /* Debug */,
				F8F6B7F32849F79200FF9A18 /* Release */,
			);
			defaultConfigurationIsVisible = 0;
			defaultConfigurationName = Release;
		};
		F8F6B7F42849F79200FF9A18 /* Build configuration list for PBXNativeTarget "DesignCodeiOS15UITests" */ = {
			isa = XCConfigurationList;
			buildConfigurations = (
				F8F6B7F52849F79200FF9A18 /* Debug */,
				F8F6B7F62849F79200FF9A18 /* Release */,
			);
			defaultConfigurationIsVisible = 0;
			defaultConfigurationName = Release;
		};
/* End XCConfigurationList section */
	};
	rootObject = F8F6B7C22849F78C00FF9A18 /* Project object */;
}
